// !$*UTF8*$!
{
	archiveVersion = 1;
	classes = {
	};
	objectVersion = 56;
	objects = {

/* Begin PBXBuildFile section */
		558E01F62A5E8F53001B1AF4 /* Crypto in Frameworks */ = {isa = PBXBuildFile; productRef = 558E01F52A5E8F53001B1AF4 /* Crypto */; };
		55B619462A5421AB0072A727 /* AppDelegate.swift in Sources */ = {isa = PBXBuildFile; fileRef = 55B619452A5421AB0072A727 /* AppDelegate.swift */; };
		55B619482A5421AB0072A727 /* SceneDelegate.swift in Sources */ = {isa = PBXBuildFile; fileRef = 55B619472A5421AB0072A727 /* SceneDelegate.swift */; };
		55B6194A2A5421AB0072A727 /* LoginViewController.swift in Sources */ = {isa = PBXBuildFile; fileRef = 55B619492A5421AB0072A727 /* LoginViewController.swift */; };
		55B6194D2A5421AB0072A727 /* Main.storyboard in Resources */ = {isa = PBXBuildFile; fileRef = 55B6194B2A5421AB0072A727 /* Main.storyboard */; };
		55B6194F2A5421AD0072A727 /* Assets.xcassets in Resources */ = {isa = PBXBuildFile; fileRef = 55B6194E2A5421AD0072A727 /* Assets.xcassets */; };
		55B619522A5421AD0072A727 /* LaunchScreen.storyboard in Resources */ = {isa = PBXBuildFile; fileRef = 55B619502A5421AD0072A727 /* LaunchScreen.storyboard */; };
		55B6195A2A5421F60072A727 /* LoginView.swift in Sources */ = {isa = PBXBuildFile; fileRef = 55B619592A5421F60072A727 /* LoginView.swift */; };
		55B619602A5422EF0072A727 /* DefaultValue.swift in Sources */ = {isa = PBXBuildFile; fileRef = 55B6195F2A5422EF0072A727 /* DefaultValue.swift */; };
		55B619632A5423920072A727 /* SnapKit in Frameworks */ = {isa = PBXBuildFile; productRef = 55B619622A5423920072A727 /* SnapKit */; };
		55B619662A5423B00072A727 /* Then in Frameworks */ = {isa = PBXBuildFile; productRef = 55B619652A5423B00072A727 /* Then */; };
		55B619682A5425060072A727 /* Color + Extension.swift in Sources */ = {isa = PBXBuildFile; fileRef = 55B619672A5425060072A727 /* Color + Extension.swift */; };
		55B6196A2A55582E0072A727 /* LoginViewModel.swift in Sources */ = {isa = PBXBuildFile; fileRef = 55B619692A55582E0072A727 /* LoginViewModel.swift */; };
		55B6196D2A5558480072A727 /* RxCocoa in Frameworks */ = {isa = PBXBuildFile; productRef = 55B6196C2A5558480072A727 /* RxCocoa */; };
		55B6196F2A5558480072A727 /* RxSwift in Frameworks */ = {isa = PBXBuildFile; productRef = 55B6196E2A5558480072A727 /* RxSwift */; };
		55B619712A555A070072A727 /* String + Extension.swift in Sources */ = {isa = PBXBuildFile; fileRef = 55B619702A555A070072A727 /* String + Extension.swift */; };
		55B619732A56C2B10072A727 /* UIView + Extension.swift in Sources */ = {isa = PBXBuildFile; fileRef = 55B619722A56C2B10072A727 /* UIView + Extension.swift */; };
		55B619752A56CA240072A727 /* FirstViewController.swift in Sources */ = {isa = PBXBuildFile; fileRef = 55B619742A56CA240072A727 /* FirstViewController.swift */; };
		55B619772A56CB0D0072A727 /* UserDefaults.swift in Sources */ = {isa = PBXBuildFile; fileRef = 55B619762A56CB0D0072A727 /* UserDefaults.swift */; };
		55B6197A2A5BFDF20072A727 /* GoogleService-Info.plist in Resources */ = {isa = PBXBuildFile; fileRef = 55B619792A5BFDF20072A727 /* GoogleService-Info.plist */; };
		55B6197D2A5BFE630072A727 /* FirebaseAuth in Frameworks */ = {isa = PBXBuildFile; productRef = 55B6197C2A5BFE630072A727 /* FirebaseAuth */; };
		55B6197F2A5C01DD0072A727 /* JoinViewController.swift in Sources */ = {isa = PBXBuildFile; fileRef = 55B6197E2A5C01DD0072A727 /* JoinViewController.swift */; };
		55B619812A5C01ED0072A727 /* JoinView.swift in Sources */ = {isa = PBXBuildFile; fileRef = 55B619802A5C01ED0072A727 /* JoinView.swift */; };
		55B619832A5C02770072A727 /* JoinViewModel.swift in Sources */ = {isa = PBXBuildFile; fileRef = 55B619822A5C02770072A727 /* JoinViewModel.swift */; };
		55B619872A5C57B50072A727 /* UIViewController + Extension.swift in Sources */ = {isa = PBXBuildFile; fileRef = 55B619862A5C57B50072A727 /* UIViewController + Extension.swift */; };
		55B6198A2A5D64940072A727 /* GoogleSignIn in Frameworks */ = {isa = PBXBuildFile; productRef = 55B619892A5D64940072A727 /* GoogleSignIn */; };
		55B6198D2A5E5CD60072A727 /* GoogleSignInSwift in Frameworks */ = {isa = PBXBuildFile; productRef = 55B6198C2A5E5CD60072A727 /* GoogleSignInSwift */; };
/* End PBXBuildFile section */

/* Begin PBXFileReference section */
		558E01F12A5E89EE001B1AF4 /* Login + RxSwift + MVVM.entitlements */ = {isa = PBXFileReference; lastKnownFileType = text.plist.entitlements; path = "Login + RxSwift + MVVM.entitlements"; sourceTree = "<group>"; };
		55B619422A5421AB0072A727 /* Login + RxSwift + MVVM.app */ = {isa = PBXFileReference; explicitFileType = wrapper.application; includeInIndex = 0; path = "Login + RxSwift + MVVM.app"; sourceTree = BUILT_PRODUCTS_DIR; };
		55B619452A5421AB0072A727 /* AppDelegate.swift */ = {isa = PBXFileReference; lastKnownFileType = sourcecode.swift; path = AppDelegate.swift; sourceTree = "<group>"; };
		55B619472A5421AB0072A727 /* SceneDelegate.swift */ = {isa = PBXFileReference; lastKnownFileType = sourcecode.swift; path = SceneDelegate.swift; sourceTree = "<group>"; };
		55B619492A5421AB0072A727 /* LoginViewController.swift */ = {isa = PBXFileReference; lastKnownFileType = sourcecode.swift; path = LoginViewController.swift; sourceTree = "<group>"; };
		55B6194C2A5421AB0072A727 /* Base */ = {isa = PBXFileReference; lastKnownFileType = file.storyboard; name = Base; path = Base.lproj/Main.storyboard; sourceTree = "<group>"; };
		55B6194E2A5421AD0072A727 /* Assets.xcassets */ = {isa = PBXFileReference; lastKnownFileType = folder.assetcatalog; path = Assets.xcassets; sourceTree = "<group>"; };
		55B619512A5421AD0072A727 /* Base */ = {isa = PBXFileReference; lastKnownFileType = file.storyboard; name = Base; path = Base.lproj/LaunchScreen.storyboard; sourceTree = "<group>"; };
		55B619532A5421AD0072A727 /* Info.plist */ = {isa = PBXFileReference; lastKnownFileType = text.plist.xml; path = Info.plist; sourceTree = "<group>"; };
		55B619592A5421F60072A727 /* LoginView.swift */ = {isa = PBXFileReference; lastKnownFileType = sourcecode.swift; path = LoginView.swift; sourceTree = "<group>"; };
		55B6195F2A5422EF0072A727 /* DefaultValue.swift */ = {isa = PBXFileReference; lastKnownFileType = sourcecode.swift; path = DefaultValue.swift; sourceTree = "<group>"; };
		55B619672A5425060072A727 /* Color + Extension.swift */ = {isa = PBXFileReference; lastKnownFileType = sourcecode.swift; path = "Color + Extension.swift"; sourceTree = "<group>"; };
		55B619692A55582E0072A727 /* LoginViewModel.swift */ = {isa = PBXFileReference; lastKnownFileType = sourcecode.swift; path = LoginViewModel.swift; sourceTree = "<group>"; };
		55B619702A555A070072A727 /* String + Extension.swift */ = {isa = PBXFileReference; lastKnownFileType = sourcecode.swift; path = "String + Extension.swift"; sourceTree = "<group>"; };
		55B619722A56C2B10072A727 /* UIView + Extension.swift */ = {isa = PBXFileReference; lastKnownFileType = sourcecode.swift; path = "UIView + Extension.swift"; sourceTree = "<group>"; };
		55B619742A56CA240072A727 /* FirstViewController.swift */ = {isa = PBXFileReference; lastKnownFileType = sourcecode.swift; path = FirstViewController.swift; sourceTree = "<group>"; };
		55B619762A56CB0D0072A727 /* UserDefaults.swift */ = {isa = PBXFileReference; fileEncoding = 4; lastKnownFileType = sourcecode.swift; path = UserDefaults.swift; sourceTree = "<group>"; };
		55B619792A5BFDF20072A727 /* GoogleService-Info.plist */ = {isa = PBXFileReference; fileEncoding = 4; lastKnownFileType = text.plist.xml; path = "GoogleService-Info.plist"; sourceTree = "<group>"; };
		55B6197E2A5C01DD0072A727 /* JoinViewController.swift */ = {isa = PBXFileReference; lastKnownFileType = sourcecode.swift; path = JoinViewController.swift; sourceTree = "<group>"; };
		55B619802A5C01ED0072A727 /* JoinView.swift */ = {isa = PBXFileReference; lastKnownFileType = sourcecode.swift; path = JoinView.swift; sourceTree = "<group>"; };
		55B619822A5C02770072A727 /* JoinViewModel.swift */ = {isa = PBXFileReference; lastKnownFileType = sourcecode.swift; path = JoinViewModel.swift; sourceTree = "<group>"; };
		55B619862A5C57B50072A727 /* UIViewController + Extension.swift */ = {isa = PBXFileReference; lastKnownFileType = sourcecode.swift; path = "UIViewController + Extension.swift"; sourceTree = "<group>"; };
/* End PBXFileReference section */

/* Begin PBXFrameworksBuildPhase section */
		55B6193F2A5421AB0072A727 /* Frameworks */ = {
			isa = PBXFrameworksBuildPhase;
			buildActionMask = 2147483647;
			files = (
				55B6196D2A5558480072A727 /* RxCocoa in Frameworks */,
				55B6197D2A5BFE630072A727 /* FirebaseAuth in Frameworks */,
				55B6198D2A5E5CD60072A727 /* GoogleSignInSwift in Frameworks */,
				55B619632A5423920072A727 /* SnapKit in Frameworks */,
				55B6196F2A5558480072A727 /* RxSwift in Frameworks */,
				55B619662A5423B00072A727 /* Then in Frameworks */,
				55B6198A2A5D64940072A727 /* GoogleSignIn in Frameworks */,
				558E01F62A5E8F53001B1AF4 /* Crypto in Frameworks */,
			);
			runOnlyForDeploymentPostprocessing = 0;
		};
/* End PBXFrameworksBuildPhase section */

/* Begin PBXGroup section */
		55B619392A5421AB0072A727 = {
			isa = PBXGroup;
			children = (
				55B619442A5421AB0072A727 /* Login + RxSwift + MVVM */,
				55B619432A5421AB0072A727 /* Products */,
				55B6198B2A5E5CD60072A727 /* Frameworks */,
			);
			sourceTree = "<group>";
		};
		55B619432A5421AB0072A727 /* Products */ = {
			isa = PBXGroup;
			children = (
				55B619422A5421AB0072A727 /* Login + RxSwift + MVVM.app */,
			);
			name = Products;
			sourceTree = "<group>";
		};
		55B619442A5421AB0072A727 /* Login + RxSwift + MVVM */ = {
			isa = PBXGroup;
			children = (
				558E01F12A5E89EE001B1AF4 /* Login + RxSwift + MVVM.entitlements */,
				55B619532A5421AD0072A727 /* Info.plist */,
				55B619792A5BFDF20072A727 /* GoogleService-Info.plist */,
				55B6195E2A5422D70072A727 /* Utils */,
				55B6195D2A5422730072A727 /* View */,
				55B619782A5710F30072A727 /* ViewModel */,
				55B6195B2A54223A0072A727 /* App */,
			);
			path = "Login + RxSwift + MVVM";
			sourceTree = "<group>";
		};
		55B6195B2A54223A0072A727 /* App */ = {
			isa = PBXGroup;
			children = (
				55B6195C2A54224E0072A727 /* Asset */,
				55B619452A5421AB0072A727 /* AppDelegate.swift */,
				55B619472A5421AB0072A727 /* SceneDelegate.swift */,
			);
			path = App;
			sourceTree = "<group>";
		};
		55B6195C2A54224E0072A727 /* Asset */ = {
			isa = PBXGroup;
			children = (
				55B6194E2A5421AD0072A727 /* Assets.xcassets */,
				55B6194B2A5421AB0072A727 /* Main.storyboard */,
				55B619502A5421AD0072A727 /* LaunchScreen.storyboard */,
			);
			path = Asset;
			sourceTree = "<group>";
		};
		55B6195D2A5422730072A727 /* View */ = {
			isa = PBXGroup;
			children = (
				55B619592A5421F60072A727 /* LoginView.swift */,
				55B619492A5421AB0072A727 /* LoginViewController.swift */,
				55B619742A56CA240072A727 /* FirstViewController.swift */,
				55B619802A5C01ED0072A727 /* JoinView.swift */,
				55B6197E2A5C01DD0072A727 /* JoinViewController.swift */,
			);
			path = View;
			sourceTree = "<group>";
		};
		55B6195E2A5422D70072A727 /* Utils */ = {
			isa = PBXGroup;
			children = (
				55B619762A56CB0D0072A727 /* UserDefaults.swift */,
				55B6195F2A5422EF0072A727 /* DefaultValue.swift */,
				55B619672A5425060072A727 /* Color + Extension.swift */,
				55B619702A555A070072A727 /* String + Extension.swift */,
				55B619722A56C2B10072A727 /* UIView + Extension.swift */,
				55B619862A5C57B50072A727 /* UIViewController + Extension.swift */,
			);
			path = Utils;
			sourceTree = "<group>";
		};
		55B619782A5710F30072A727 /* ViewModel */ = {
			isa = PBXGroup;
			children = (
				55B619692A55582E0072A727 /* LoginViewModel.swift */,
				55B619822A5C02770072A727 /* JoinViewModel.swift */,
			);
			path = ViewModel;
			sourceTree = "<group>";
		};
		55B6198B2A5E5CD60072A727 /* Frameworks */ = {
			isa = PBXGroup;
			children = (
			);
			name = Frameworks;
			sourceTree = "<group>";
		};
/* End PBXGroup section */

/* Begin PBXNativeTarget section */
		55B619412A5421AB0072A727 /* Login + RxSwift + MVVM */ = {
			isa = PBXNativeTarget;
			buildConfigurationList = 55B619562A5421AD0072A727 /* Build configuration list for PBXNativeTarget "Login + RxSwift + MVVM" */;
			buildPhases = (
				55B6193E2A5421AB0072A727 /* Sources */,
				55B6193F2A5421AB0072A727 /* Frameworks */,
				55B619402A5421AB0072A727 /* Resources */,
			);
			buildRules = (
			);
			dependencies = (
			);
			name = "Login + RxSwift + MVVM";
			packageProductDependencies = (
				55B619622A5423920072A727 /* SnapKit */,
				55B619652A5423B00072A727 /* Then */,
				55B6196C2A5558480072A727 /* RxCocoa */,
				55B6196E2A5558480072A727 /* RxSwift */,
				55B6197C2A5BFE630072A727 /* FirebaseAuth */,
				55B619892A5D64940072A727 /* GoogleSignIn */,
				55B6198C2A5E5CD60072A727 /* GoogleSignInSwift */,
				558E01F52A5E8F53001B1AF4 /* Crypto */,
			);
			productName = "Login + RxSwift + MVVM";
			productReference = 55B619422A5421AB0072A727 /* Login + RxSwift + MVVM.app */;
			productType = "com.apple.product-type.application";
		};
/* End PBXNativeTarget section */

/* Begin PBXProject section */
		55B6193A2A5421AB0072A727 /* Project object */ = {
			isa = PBXProject;
			attributes = {
				BuildIndependentTargetsInParallel = 1;
				LastSwiftUpdateCheck = 1430;
				LastUpgradeCheck = 1430;
				TargetAttributes = {
					55B619412A5421AB0072A727 = {
						CreatedOnToolsVersion = 14.3;
					};
				};
			};
			buildConfigurationList = 55B6193D2A5421AB0072A727 /* Build configuration list for PBXProject "Login + RxSwift + MVVM" */;
			compatibilityVersion = "Xcode 14.0";
			developmentRegion = en;
			hasScannedForEncodings = 0;
			knownRegions = (
				en,
				Base,
			);
			mainGroup = 55B619392A5421AB0072A727;
			packageReferences = (
				55B619612A5423920072A727 /* XCRemoteSwiftPackageReference "SnapKit" */,
				55B619642A5423B00072A727 /* XCRemoteSwiftPackageReference "Then" */,
				55B6196B2A5558480072A727 /* XCRemoteSwiftPackageReference "RxSwift" */,
				55B6197B2A5BFE630072A727 /* XCRemoteSwiftPackageReference "firebase-ios-sdk" */,
				55B619882A5D64940072A727 /* XCRemoteSwiftPackageReference "GoogleSignIn-iOS" */,
				558E01F42A5E8F53001B1AF4 /* XCRemoteSwiftPackageReference "swift-crypto" */,
			);
			productRefGroup = 55B619432A5421AB0072A727 /* Products */;
			projectDirPath = "";
			projectRoot = "";
			targets = (
				55B619412A5421AB0072A727 /* Login + RxSwift + MVVM */,
			);
		};
/* End PBXProject section */

/* Begin PBXResourcesBuildPhase section */
		55B619402A5421AB0072A727 /* Resources */ = {
			isa = PBXResourcesBuildPhase;
			buildActionMask = 2147483647;
			files = (
				55B619522A5421AD0072A727 /* LaunchScreen.storyboard in Resources */,
				55B6197A2A5BFDF20072A727 /* GoogleService-Info.plist in Resources */,
				55B6194F2A5421AD0072A727 /* Assets.xcassets in Resources */,
				55B6194D2A5421AB0072A727 /* Main.storyboard in Resources */,
			);
			runOnlyForDeploymentPostprocessing = 0;
		};
/* End PBXResourcesBuildPhase section */

/* Begin PBXSourcesBuildPhase section */
		55B6193E2A5421AB0072A727 /* Sources */ = {
			isa = PBXSourcesBuildPhase;
			buildActionMask = 2147483647;
			files = (
				55B619832A5C02770072A727 /* JoinViewModel.swift in Sources */,
				55B619872A5C57B50072A727 /* UIViewController + Extension.swift in Sources */,
				55B6194A2A5421AB0072A727 /* LoginViewController.swift in Sources */,
				55B619462A5421AB0072A727 /* AppDelegate.swift in Sources */,
				55B619712A555A070072A727 /* String + Extension.swift in Sources */,
				55B619772A56CB0D0072A727 /* UserDefaults.swift in Sources */,
				55B619602A5422EF0072A727 /* DefaultValue.swift in Sources */,
				55B6195A2A5421F60072A727 /* LoginView.swift in Sources */,
				55B619752A56CA240072A727 /* FirstViewController.swift in Sources */,
				55B619482A5421AB0072A727 /* SceneDelegate.swift in Sources */,
				55B619682A5425060072A727 /* Color + Extension.swift in Sources */,
				55B619812A5C01ED0072A727 /* JoinView.swift in Sources */,
				55B6196A2A55582E0072A727 /* LoginViewModel.swift in Sources */,
				55B6197F2A5C01DD0072A727 /* JoinViewController.swift in Sources */,
				55B619732A56C2B10072A727 /* UIView + Extension.swift in Sources */,
			);
			runOnlyForDeploymentPostprocessing = 0;
		};
/* End PBXSourcesBuildPhase section */

/* Begin PBXVariantGroup section */
		55B6194B2A5421AB0072A727 /* Main.storyboard */ = {
			isa = PBXVariantGroup;
			children = (
				55B6194C2A5421AB0072A727 /* Base */,
			);
			name = Main.storyboard;
			sourceTree = "<group>";
		};
		55B619502A5421AD0072A727 /* LaunchScreen.storyboard */ = {
			isa = PBXVariantGroup;
			children = (
				55B619512A5421AD0072A727 /* Base */,
			);
			name = LaunchScreen.storyboard;
			sourceTree = "<group>";
		};
/* End PBXVariantGroup section */

/* Begin XCBuildConfiguration section */
		55B619542A5421AD0072A727 /* Debug */ = {
			isa = XCBuildConfiguration;
			buildSettings = {
				ALWAYS_SEARCH_USER_PATHS = NO;
				CLANG_ANALYZER_NONNULL = YES;
				CLANG_ANALYZER_NUMBER_OBJECT_CONVERSION = YES_AGGRESSIVE;
				CLANG_CXX_LANGUAGE_STANDARD = "gnu++20";
				CLANG_ENABLE_MODULES = YES;
				CLANG_ENABLE_OBJC_ARC = YES;
				CLANG_ENABLE_OBJC_WEAK = YES;
				CLANG_WARN_BLOCK_CAPTURE_AUTORELEASING = YES;
				CLANG_WARN_BOOL_CONVERSION = YES;
				CLANG_WARN_COMMA = YES;
				CLANG_WARN_CONSTANT_CONVERSION = YES;
				CLANG_WARN_DEPRECATED_OBJC_IMPLEMENTATIONS = YES;
				CLANG_WARN_DIRECT_OBJC_ISA_USAGE = YES_ERROR;
				CLANG_WARN_DOCUMENTATION_COMMENTS = YES;
				CLANG_WARN_EMPTY_BODY = YES;
				CLANG_WARN_ENUM_CONVERSION = YES;
				CLANG_WARN_INFINITE_RECURSION = YES;
				CLANG_WARN_INT_CONVERSION = YES;
				CLANG_WARN_NON_LITERAL_NULL_CONVERSION = YES;
				CLANG_WARN_OBJC_IMPLICIT_RETAIN_SELF = YES;
				CLANG_WARN_OBJC_LITERAL_CONVERSION = YES;
				CLANG_WARN_OBJC_ROOT_CLASS = YES_ERROR;
				CLANG_WARN_QUOTED_INCLUDE_IN_FRAMEWORK_HEADER = YES;
				CLANG_WARN_RANGE_LOOP_ANALYSIS = YES;
				CLANG_WARN_STRICT_PROTOTYPES = YES;
				CLANG_WARN_SUSPICIOUS_MOVE = YES;
				CLANG_WARN_UNGUARDED_AVAILABILITY = YES_AGGRESSIVE;
				CLANG_WARN_UNREACHABLE_CODE = YES;
				CLANG_WARN__DUPLICATE_METHOD_MATCH = YES;
				COPY_PHASE_STRIP = NO;
				DEBUG_INFORMATION_FORMAT = dwarf;
				ENABLE_STRICT_OBJC_MSGSEND = YES;
				ENABLE_TESTABILITY = YES;
				GCC_C_LANGUAGE_STANDARD = gnu11;
				GCC_DYNAMIC_NO_PIC = NO;
				GCC_NO_COMMON_BLOCKS = YES;
				GCC_OPTIMIZATION_LEVEL = 0;
				GCC_PREPROCESSOR_DEFINITIONS = (
					"DEBUG=1",
					"$(inherited)",
				);
				GCC_WARN_64_TO_32_BIT_CONVERSION = YES;
				GCC_WARN_ABOUT_RETURN_TYPE = YES_ERROR;
				GCC_WARN_UNDECLARED_SELECTOR = YES;
				GCC_WARN_UNINITIALIZED_AUTOS = YES_AGGRESSIVE;
				GCC_WARN_UNUSED_FUNCTION = YES;
				GCC_WARN_UNUSED_VARIABLE = YES;
				IPHONEOS_DEPLOYMENT_TARGET = 16.4;
				MTL_ENABLE_DEBUG_INFO = INCLUDE_SOURCE;
				MTL_FAST_MATH = YES;
				ONLY_ACTIVE_ARCH = YES;
				SDKROOT = iphoneos;
				SWIFT_ACTIVE_COMPILATION_CONDITIONS = DEBUG;
				SWIFT_OPTIMIZATION_LEVEL = "-Onone";
			};
			name = Debug;
		};
		55B619552A5421AD0072A727 /* Release */ = {
			isa = XCBuildConfiguration;
			buildSettings = {
				ALWAYS_SEARCH_USER_PATHS = NO;
				CLANG_ANALYZER_NONNULL = YES;
				CLANG_ANALYZER_NUMBER_OBJECT_CONVERSION = YES_AGGRESSIVE;
				CLANG_CXX_LANGUAGE_STANDARD = "gnu++20";
				CLANG_ENABLE_MODULES = YES;
				CLANG_ENABLE_OBJC_ARC = YES;
				CLANG_ENABLE_OBJC_WEAK = YES;
				CLANG_WARN_BLOCK_CAPTURE_AUTORELEASING = YES;
				CLANG_WARN_BOOL_CONVERSION = YES;
				CLANG_WARN_COMMA = YES;
				CLANG_WARN_CONSTANT_CONVERSION = YES;
				CLANG_WARN_DEPRECATED_OBJC_IMPLEMENTATIONS = YES;
				CLANG_WARN_DIRECT_OBJC_ISA_USAGE = YES_ERROR;
				CLANG_WARN_DOCUMENTATION_COMMENTS = YES;
				CLANG_WARN_EMPTY_BODY = YES;
				CLANG_WARN_ENUM_CONVERSION = YES;
				CLANG_WARN_INFINITE_RECURSION = YES;
				CLANG_WARN_INT_CONVERSION = YES;
				CLANG_WARN_NON_LITERAL_NULL_CONVERSION = YES;
				CLANG_WARN_OBJC_IMPLICIT_RETAIN_SELF = YES;
				CLANG_WARN_OBJC_LITERAL_CONVERSION = YES;
				CLANG_WARN_OBJC_ROOT_CLASS = YES_ERROR;
				CLANG_WARN_QUOTED_INCLUDE_IN_FRAMEWORK_HEADER = YES;
				CLANG_WARN_RANGE_LOOP_ANALYSIS = YES;
				CLANG_WARN_STRICT_PROTOTYPES = YES;
				CLANG_WARN_SUSPICIOUS_MOVE = YES;
				CLANG_WARN_UNGUARDED_AVAILABILITY = YES_AGGRESSIVE;
				CLANG_WARN_UNREACHABLE_CODE = YES;
				CLANG_WARN__DUPLICATE_METHOD_MATCH = YES;
				COPY_PHASE_STRIP = NO;
				DEBUG_INFORMATION_FORMAT = "dwarf-with-dsym";
				ENABLE_NS_ASSERTIONS = NO;
				ENABLE_STRICT_OBJC_MSGSEND = YES;
				GCC_C_LANGUAGE_STANDARD = gnu11;
				GCC_NO_COMMON_BLOCKS = YES;
				GCC_WARN_64_TO_32_BIT_CONVERSION = YES;
				GCC_WARN_ABOUT_RETURN_TYPE = YES_ERROR;
				GCC_WARN_UNDECLARED_SELECTOR = YES;
				GCC_WARN_UNINITIALIZED_AUTOS = YES_AGGRESSIVE;
				GCC_WARN_UNUSED_FUNCTION = YES;
				GCC_WARN_UNUSED_VARIABLE = YES;
				IPHONEOS_DEPLOYMENT_TARGET = 16.4;
				MTL_ENABLE_DEBUG_INFO = NO;
				MTL_FAST_MATH = YES;
				SDKROOT = iphoneos;
				SWIFT_COMPILATION_MODE = wholemodule;
				SWIFT_OPTIMIZATION_LEVEL = "-O";
				VALIDATE_PRODUCT = YES;
			};
			name = Release;
		};
		55B619572A5421AD0072A727 /* Debug */ = {
			isa = XCBuildConfiguration;
			buildSettings = {
				ASSETCATALOG_COMPILER_APPICON_NAME = AppIcon;
				ASSETCATALOG_COMPILER_GLOBAL_ACCENT_COLOR_NAME = AccentColor;
				CODE_SIGN_ENTITLEMENTS = "Login + RxSwift + MVVM/Login + RxSwift + MVVM.entitlements";
				CODE_SIGN_STYLE = Automatic;
				CURRENT_PROJECT_VERSION = 1;
				DEVELOPMENT_TEAM = VJ2VF4KUF7;
				GENERATE_INFOPLIST_FILE = YES;
				INFOPLIST_FILE = "Login + RxSwift + MVVM/Info.plist";
				INFOPLIST_KEY_UIApplicationSupportsIndirectInputEvents = YES;
				INFOPLIST_KEY_UILaunchStoryboardName = LaunchScreen;
				INFOPLIST_KEY_UIMainStoryboardFile = Main;
				INFOPLIST_KEY_UISupportedInterfaceOrientations_iPad = "UIInterfaceOrientationPortrait UIInterfaceOrientationPortraitUpsideDown UIInterfaceOrientationLandscapeLeft UIInterfaceOrientationLandscapeRight";
				INFOPLIST_KEY_UISupportedInterfaceOrientations_iPhone = "UIInterfaceOrientationPortrait UIInterfaceOrientationLandscapeLeft UIInterfaceOrientationLandscapeRight";
				LD_RUNPATH_SEARCH_PATHS = (
					"$(inherited)",
					"@executable_path/Frameworks",
				);
				MARKETING_VERSION = 1.0;
				PRODUCT_BUNDLE_IDENTIFIER = "Jimmy.Login---RxSwift---MVVM";
				PRODUCT_NAME = "$(TARGET_NAME)";
				SWIFT_EMIT_LOC_STRINGS = YES;
				SWIFT_VERSION = 5.0;
				TARGETED_DEVICE_FAMILY = "1,2";
			};
			name = Debug;
		};
		55B619582A5421AD0072A727 /* Release */ = {
			isa = XCBuildConfiguration;
			buildSettings = {
				ASSETCATALOG_COMPILER_APPICON_NAME = AppIcon;
				ASSETCATALOG_COMPILER_GLOBAL_ACCENT_COLOR_NAME = AccentColor;
				CODE_SIGN_ENTITLEMENTS = "Login + RxSwift + MVVM/Login + RxSwift + MVVM.entitlements";
				CODE_SIGN_STYLE = Automatic;
				CURRENT_PROJECT_VERSION = 1;
				DEVELOPMENT_TEAM = VJ2VF4KUF7;
				GENERATE_INFOPLIST_FILE = YES;
				INFOPLIST_FILE = "Login + RxSwift + MVVM/Info.plist";
				INFOPLIST_KEY_UIApplicationSupportsIndirectInputEvents = YES;
				INFOPLIST_KEY_UILaunchStoryboardName = LaunchScreen;
				INFOPLIST_KEY_UIMainStoryboardFile = Main;
				INFOPLIST_KEY_UISupportedInterfaceOrientations_iPad = "UIInterfaceOrientationPortrait UIInterfaceOrientationPortraitUpsideDown UIInterfaceOrientationLandscapeLeft UIInterfaceOrientationLandscapeRight";
				INFOPLIST_KEY_UISupportedInterfaceOrientations_iPhone = "UIInterfaceOrientationPortrait UIInterfaceOrientationLandscapeLeft UIInterfaceOrientationLandscapeRight";
				LD_RUNPATH_SEARCH_PATHS = (
					"$(inherited)",
					"@executable_path/Frameworks",
				);
				MARKETING_VERSION = 1.0;
				PRODUCT_BUNDLE_IDENTIFIER = "Jimmy.Login---RxSwift---MVVM";
				PRODUCT_NAME = "$(TARGET_NAME)";
				SWIFT_EMIT_LOC_STRINGS = YES;
				SWIFT_VERSION = 5.0;
				TARGETED_DEVICE_FAMILY = "1,2";
			};
			name = Release;
		};
/* End XCBuildConfiguration section */

/* Begin XCConfigurationList section */
		55B6193D2A5421AB0072A727 /* Build configuration list for PBXProject "Login + RxSwift + MVVM" */ = {
			isa = XCConfigurationList;
			buildConfigurations = (
				55B619542A5421AD0072A727 /* Debug */,
				55B619552A5421AD0072A727 /* Release */,
			);
			defaultConfigurationIsVisible = 0;
			defaultConfigurationName = Release;
		};
		55B619562A5421AD0072A727 /* Build configuration list for PBXNativeTarget "Login + RxSwift + MVVM" */ = {
			isa = XCConfigurationList;
			buildConfigurations = (
				55B619572A5421AD0072A727 /* Debug */,
				55B619582A5421AD0072A727 /* Release */,
			);
			defaultConfigurationIsVisible = 0;
			defaultConfigurationName = Release;
		};
/* End XCConfigurationList section */

/* Begin XCRemoteSwiftPackageReference section */
		558E01F42A5E8F53001B1AF4 /* XCRemoteSwiftPackageReference "swift-crypto" */ = {
			isa = XCRemoteSwiftPackageReference;
			repositoryURL = "https://github.com/apple/swift-crypto.git";
			requirement = {
				kind = upToNextMajorVersion;
				minimumVersion = 2.0.0;
			};
		};
		55B619612A5423920072A727 /* XCRemoteSwiftPackageReference "SnapKit" */ = {
			isa = XCRemoteSwiftPackageReference;
			repositoryURL = "https://github.com/SnapKit/SnapKit.git";
			requirement = {
				kind = upToNextMajorVersion;
				minimumVersion = 5.0.0;
			};
		};
		55B619642A5423B00072A727 /* XCRemoteSwiftPackageReference "Then" */ = {
			isa = XCRemoteSwiftPackageReference;
			repositoryURL = "https://github.com/devxoul/Then.git";
			requirement = {
				kind = upToNextMajorVersion;
				minimumVersion = 3.0.0;
			};
		};
		55B6196B2A5558480072A727 /* XCRemoteSwiftPackageReference "RxSwift" */ = {
			isa = XCRemoteSwiftPackageReference;
			repositoryURL = "https://github.com/ReactiveX/RxSwift.git";
			requirement = {
				kind = upToNextMajorVersion;
				minimumVersion = 6.0.0;
			};
		};
		55B6197B2A5BFE630072A727 /* XCRemoteSwiftPackageReference "firebase-ios-sdk" */ = {
			isa = XCRemoteSwiftPackageReference;
			repositoryURL = "https://github.com/firebase/firebase-ios-sdk";
			requirement = {
				kind = upToNextMajorVersion;
				minimumVersion = 10.0.0;
			};
		};
		55B619882A5D64940072A727 /* XCRemoteSwiftPackageReference "GoogleSignIn-iOS" */ = {
			isa = XCRemoteSwiftPackageReference;
			repositoryURL = "https://github.com/google/GoogleSignIn-iOS";
			requirement = {
				kind = upToNextMajorVersion;
				minimumVersion = 7.0.0;
			};
		};
/* End XCRemoteSwiftPackageReference section */

/* Begin XCSwiftPackageProductDependency section */
		558E01F52A5E8F53001B1AF4 /* Crypto */ = {
			isa = XCSwiftPackageProductDependency;
			package = 558E01F42A5E8F53001B1AF4 /* XCRemoteSwiftPackageReference "swift-crypto" */;
			productName = Crypto;
		};
		55B619622A5423920072A727 /* SnapKit */ = {
			isa = XCSwiftPackageProductDependency;
			package = 55B619612A5423920072A727 /* XCRemoteSwiftPackageReference "SnapKit" */;
			productName = SnapKit;
		};
		55B619652A5423B00072A727 /* Then */ = {
			isa = XCSwiftPackageProductDependency;
			package = 55B619642A5423B00072A727 /* XCRemoteSwiftPackageReference "Then" */;
			productName = Then;
		};
		55B6196C2A5558480072A727 /* RxCocoa */ = {
			isa = XCSwiftPackageProductDependency;
			package = 55B6196B2A5558480072A727 /* XCRemoteSwiftPackageReference "RxSwift" */;
			productName = RxCocoa;
		};
		55B6196E2A5558480072A727 /* RxSwift */ = {
			isa = XCSwiftPackageProductDependency;
			package = 55B6196B2A5558480072A727 /* XCRemoteSwiftPackageReference "RxSwift" */;
			productName = RxSwift;
		};
		55B6197C2A5BFE630072A727 /* FirebaseAuth */ = {
			isa = XCSwiftPackageProductDependency;
			package = 55B6197B2A5BFE630072A727 /* XCRemoteSwiftPackageReference "firebase-ios-sdk" */;
			productName = FirebaseAuth;
		};
		55B619892A5D64940072A727 /* GoogleSignIn */ = {
			isa = XCSwiftPackageProductDependency;
			package = 55B619882A5D64940072A727 /* XCRemoteSwiftPackageReference "GoogleSignIn-iOS" */;
			productName = GoogleSignIn;
		};
		55B6198C2A5E5CD60072A727 /* GoogleSignInSwift */ = {
			isa = XCSwiftPackageProductDependency;
			package = 55B619882A5D64940072A727 /* XCRemoteSwiftPackageReference "GoogleSignIn-iOS" */;
			productName = GoogleSignInSwift;
		};
/* End XCSwiftPackageProductDependency section */
	};
	rootObject = 55B6193A2A5421AB0072A727 /* Project object */;
}
